
Microsoft Visual Studio Solution File, Format Version 12.00
# Visual Studio Version 17
VisualStudioVersion = 17.1.32319.34
MinimumVisualStudioVersion = 10.0.40219.1
Project("{FAE04EC0-301F-11D3-BF4B-00C04F79EFBC}") = "TwitterLitter.Server", "TwitterLitter\Server\TwitterLitter.Server.csproj", "{353B3CEB-1D64-421D-9EB8-70051F9824E5}"
EndProject
Project("{FAE04EC0-301F-11D3-BF4B-00C04F79EFBC}") = "TwitterLitter.Client", "TwitterLitter\Client\TwitterLitter.Client.csproj", "{5DEDE7BD-2739-4C59-BE16-4B0A234DF4BF}"
EndProject
Project("{FAE04EC0-301F-11D3-BF4B-00C04F79EFBC}") = "TwitterLitter.Shared", "TwitterLitter\Shared\TwitterLitter.Shared.csproj", "{9F3BE33F-BBAA-47B8-A74C-39B8060F46C2}"
EndProject
Project("{FAE04EC0-301F-11D3-BF4B-00C04F79EFBC}") = "TwitterLitter.Tests", "TwitterLitter.Tests\TwitterLitter.Tests.csproj", "{3A3BA5F8-A9D4-49B9-8E9C-9F85626440C3}"
EndProject
Project("{2150E333-8FDC-42A3-9474-1A3956D46DE8}") = "Solution Items", "Solution Items", "{E9D352D5-71B8-4E00-9769-63841F94CFE7}"
	ProjectSection(SolutionItems) = preProject
		.editorconfig = .editorconfig
	EndProjectSection
EndProject
Global
	GlobalSection(SolutionConfigurationPlatforms) = preSolution
		Debug|Any CPU = Debug|Any CPU
		Release|Any CPU = Release|Any CPU
	EndGlobalSection
	GlobalSection(ProjectConfigurationPlatforms) = postSolution
		{353B3CEB-1D64-421D-9EB8-70051F9824E5}.Debug|Any CPU.ActiveCfg = Debug|Any CPU
		{353B3CEB-1D64-421D-9EB8-70051F9824E5}.Debug|Any CPU.Build.0 = Debug|Any CPU
		{353B3CEB-1D64-421D-9EB8-70051F9824E5}.Release|Any CPU.ActiveCfg = Release|Any CPU
		{353B3CEB-1D64-421D-9EB8-70051F9824E5}.Release|Any CPU.Build.0 = Release|Any CPU
		{5DEDE7BD-2739-4C59-BE16-4B0A234DF4BF}.Debug|Any CPU.ActiveCfg = Debug|Any CPU
		{5DEDE7BD-2739-4C59-BE16-4B0A234DF4BF}.Debug|Any CPU.Build.0 = Debug|Any CPU
		{5DEDE7BD-2739-4C59-BE16-4B0A234DF4BF}.Release|Any CPU.ActiveCfg = Release|Any CPU
		{5DEDE7BD-2739-4C59-BE16-4B0A234DF4BF}.Release|Any CPU.Build.0 = Release|Any CPU
		{9F3BE33F-BBAA-47B8-A74C-39B8060F46C2}.Debug|Any CPU.ActiveCfg = Debug|Any CPU
		{9F3BE33F-BBAA-47B8-A74C-39B8060F46C2}.Debug|Any CPU.Build.0 = Debug|Any CPU
		{9F3BE33F-BBAA-47B8-A74C-39B8060F46C2}.Release|Any CPU.ActiveCfg = Release|Any CPU
		{9F3BE33F-BBAA-47B8-A74C-39B8060F46C2}.Release|Any CPU.Build.0 = Release|Any CPU
		{3A3BA5F8-A9D4-49B9-8E9C-9F85626440C3}.Debug|Any CPU.ActiveCfg = Debug|Any CPU
		{3A3BA5F8-A9D4-49B9-8E9C-9F85626440C3}.Debug|Any CPU.Build.0 = Debug|Any CPU
		{3A3BA5F8-A9D4-49B9-8E9C-9F85626440C3}.Release|Any CPU.ActiveCfg = Release|Any CPU
		{3A3BA5F8-A9D4-49B9-8E9C-9F85626440C3}.Release|Any CPU.Build.0 = Release|Any CPU
	EndGlobalSection
	GlobalSection(SolutionProperties) = preSolution
		HideSolutionNode = FALSE
	EndGlobalSection
	GlobalSection(ExtensibilityGlobals) = postSolution
		SolutionGuid = {709F1050-ED5C-45F5-983A-8EDDABABF952}
	EndGlobalSection
EndGlobal
